
Microsoft Visual Studio Solution File, Format Version 12.00
# Visual Studio Version 16
VisualStudioVersion = 25.0.1704.2
MinimumVisualStudioVersion = 10.0.40219.1
Project("{FAE04EC0-301F-11D3-BF4B-00C04F79EFBC}") = "FormulaEvaluator", "FormulaEvaluator\FormulaEvaluator.csproj", "{7B6FD33F-EB24-404C-8C1D-15D4B6AF06D5}"
EndProject
Project("{FAE04EC0-301F-11D3-BF4B-00C04F79EFBC}") = "FormulaEvaluatorTester", "FormulaEvaluatorTester\FormulaEvaluatorTester.csproj", "{75674EF0-4A62-460D-99D8-EBD18266C82D}"
EndProject
Project("{2150E333-8FDC-42A3-9474-1A3956D46DE8}") = "Solution Items", "Solution Items", "{89E643A6-6F9A-4DDE-A171-67C69C5860D8}"
	ProjectSection(SolutionItems) = preProject
		README.md = README.md
		Whiteboard\architecture.JPG = Whiteboard\architecture.JPG
		Whiteboard\architecture2.JPG = Whiteboard\architecture2.JPG
		Whiteboard\dependency_graph_whiteboard.JPG = Whiteboard\dependency_graph_whiteboard.JPG
		Whiteboard\formula_whiteboard.JPG = Whiteboard\formula_whiteboard.JPG
		Whiteboard\spreadsheet_whiteboard.JPG = Whiteboard\spreadsheet_whiteboard.JPG
	EndProjectSection
EndProject
Project("{FAE04EC0-301F-11D3-BF4B-00C04F79EFBC}") = "DependencyGraph", "DependencyGraph\DependencyGraph.csproj", "{248A131E-544F-4F04-92F0-0FC8BBD94EC0}"
EndProject
Project("{FAE04EC0-301F-11D3-BF4B-00C04F79EFBC}") = "DependencyGraphTests", "DependencyGraphTests\DependencyGraphTests.csproj", "{918FEFB6-9C4B-48D5-852D-A95433F76D13}"
EndProject
Project("{FAE04EC0-301F-11D3-BF4B-00C04F79EFBC}") = "Formula", "Formula\Formula.csproj", "{C7A1C804-5CA1-4913-BC04-E8E99E62E310}"
EndProject
Project("{FAE04EC0-301F-11D3-BF4B-00C04F79EFBC}") = "FormulaTests", "FormulaTests\FormulaTests.csproj", "{83658FCE-B6F8-4608-BD3C-E64BE0E4618D}"
EndProject
Project("{FAE04EC0-301F-11D3-BF4B-00C04F79EFBC}") = "Spreadsheet", "Spreadsheet\Spreadsheet.csproj", "{DF642A02-1BBB-40D7-B25B-6A4426DE50BE}"
EndProject
Project("{FAE04EC0-301F-11D3-BF4B-00C04F79EFBC}") = "SpreadsheetTests", "SpreadsheetTests\SpreadsheetTests.csproj", "{78446817-2253-42EB-AF4C-D32265985BE1}"
EndProject
Project("{FAE04EC0-301F-11D3-BF4B-00C04F79EFBC}") = "AssignmentFiveSpreadsheetModelGradingTests", "AssignmentFiveSpreadsheetModelGradingTests\AssignmentFiveSpreadsheetModelGradingTests.csproj", "{9472553A-44BD-4144-92C7-1FB56086CF91}"
EndProject
Project("{9344BDBB-3E7F-41FC-A0DD-8665D75EE146}") = "AssignmentOneGradingTests", "GradingTests\AssignmentOneGradingTests.csproj", "{42A80B42-18C9-450C-9F20-BD80A8B5FB97}"
EndProject
Project("{9344BDBB-3E7F-41FC-A0DD-8665D75EE146}") = "AssignmentTwoGradingTests", "AssignmentTwoGradingTests\AssignmentTwoGradingTests.csproj", "{1960D0D8-B4A6-4F20-B8B7-C5401BF73C84}"
EndProject
Project("{9344BDBB-3E7F-41FC-A0DD-8665D75EE146}") = "AssignmentThreeGradingTests", "AssignmentThreeGradingTests\AssignmentThreeGradingTests.csproj", "{865D4E54-683D-46BA-AE99-D14D038A0A5F}"
EndProject
Project("{9344BDBB-3E7F-41FC-A0DD-8665D75EE146}") = "AssignmentFourGradingTests", "AssignmentFourGradingTests\AssignmentFourGradingTests.csproj", "{43357428-94AD-4D09-9261-234BED7B7B9E}"
EndProject
Project("{FAE04EC0-301F-11D3-BF4B-00C04F79EFBC}") = "GUI", "GUI\GUI.csproj", "{0A58A997-BCE0-4CA5-B003-986E04353432}"
EndProject
Global
	GlobalSection(SolutionConfigurationPlatforms) = preSolution
		Debug|Any CPU = Debug|Any CPU
		Release|Any CPU = Release|Any CPU
	EndGlobalSection
	GlobalSection(ProjectConfigurationPlatforms) = postSolution
		{7B6FD33F-EB24-404C-8C1D-15D4B6AF06D5}.Debug|Any CPU.ActiveCfg = Debug|Any CPU
		{7B6FD33F-EB24-404C-8C1D-15D4B6AF06D5}.Debug|Any CPU.Build.0 = Debug|Any CPU
		{7B6FD33F-EB24-404C-8C1D-15D4B6AF06D5}.Release|Any CPU.ActiveCfg = Release|Any CPU
		{7B6FD33F-EB24-404C-8C1D-15D4B6AF06D5}.Release|Any CPU.Build.0 = Release|Any CPU
		{75674EF0-4A62-460D-99D8-EBD18266C82D}.Debug|Any CPU.ActiveCfg = Debug|Any CPU
		{75674EF0-4A62-460D-99D8-EBD18266C82D}.Debug|Any CPU.Build.0 = Debug|Any CPU
		{75674EF0-4A62-460D-99D8-EBD18266C82D}.Release|Any CPU.ActiveCfg = Release|Any CPU
		{75674EF0-4A62-460D-99D8-EBD18266C82D}.Release|Any CPU.Build.0 = Release|Any CPU
		{248A131E-544F-4F04-92F0-0FC8BBD94EC0}.Debug|Any CPU.ActiveCfg = Debug|Any CPU
		{248A131E-544F-4F04-92F0-0FC8BBD94EC0}.Debug|Any CPU.Build.0 = Debug|Any CPU
		{248A131E-544F-4F04-92F0-0FC8BBD94EC0}.Release|Any CPU.ActiveCfg = Release|Any CPU
		{248A131E-544F-4F04-92F0-0FC8BBD94EC0}.Release|Any CPU.Build.0 = Release|Any CPU
		{918FEFB6-9C4B-48D5-852D-A95433F76D13}.Debug|Any CPU.ActiveCfg = Debug|Any CPU
		{918FEFB6-9C4B-48D5-852D-A95433F76D13}.Debug|Any CPU.Build.0 = Debug|Any CPU
		{918FEFB6-9C4B-48D5-852D-A95433F76D13}.Release|Any CPU.ActiveCfg = Release|Any CPU
		{918FEFB6-9C4B-48D5-852D-A95433F76D13}.Release|Any CPU.Build.0 = Release|Any CPU
		{C7A1C804-5CA1-4913-BC04-E8E99E62E310}.Debug|Any CPU.ActiveCfg = Debug|Any CPU
		{C7A1C804-5CA1-4913-BC04-E8E99E62E310}.Debug|Any CPU.Build.0 = Debug|Any CPU
		{C7A1C804-5CA1-4913-BC04-E8E99E62E310}.Release|Any CPU.ActiveCfg = Release|Any CPU
		{C7A1C804-5CA1-4913-BC04-E8E99E62E310}.Release|Any CPU.Build.0 = Release|Any CPU
		{83658FCE-B6F8-4608-BD3C-E64BE0E4618D}.Debug|Any CPU.ActiveCfg = Debug|Any CPU
		{83658FCE-B6F8-4608-BD3C-E64BE0E4618D}.Debug|Any CPU.Build.0 = Debug|Any CPU
		{83658FCE-B6F8-4608-BD3C-E64BE0E4618D}.Release|Any CPU.ActiveCfg = Release|Any CPU
		{83658FCE-B6F8-4608-BD3C-E64BE0E4618D}.Release|Any CPU.Build.0 = Release|Any CPU
		{DF642A02-1BBB-40D7-B25B-6A4426DE50BE}.Debug|Any CPU.ActiveCfg = Debug|Any CPU
		{DF642A02-1BBB-40D7-B25B-6A4426DE50BE}.Debug|Any CPU.Build.0 = Debug|Any CPU
		{DF642A02-1BBB-40D7-B25B-6A4426DE50BE}.Release|Any CPU.ActiveCfg = Release|Any CPU
		{DF642A02-1BBB-40D7-B25B-6A4426DE50BE}.Release|Any CPU.Build.0 = Release|Any CPU
		{78446817-2253-42EB-AF4C-D32265985BE1}.Debug|Any CPU.ActiveCfg = Debug|Any CPU
		{78446817-2253-42EB-AF4C-D32265985BE1}.Debug|Any CPU.Build.0 = Debug|Any CPU
		{78446817-2253-42EB-AF4C-D32265985BE1}.Release|Any CPU.ActiveCfg = Release|Any CPU
		{78446817-2253-42EB-AF4C-D32265985BE1}.Release|Any CPU.Build.0 = Release|Any CPU
		{9472553A-44BD-4144-92C7-1FB56086CF91}.Debug|Any CPU.ActiveCfg = Debug|Any CPU
		{9472553A-44BD-4144-92C7-1FB56086CF91}.Debug|Any CPU.Build.0 = Debug|Any CPU
		{9472553A-44BD-4144-92C7-1FB56086CF91}.Release|Any CPU.ActiveCfg = Release|Any CPU
		{9472553A-44BD-4144-92C7-1FB56086CF91}.Release|Any CPU.Build.0 = Release|Any CPU
		{42A80B42-18C9-450C-9F20-BD80A8B5FB97}.Debug|Any CPU.ActiveCfg = Debug|Any CPU
		{42A80B42-18C9-450C-9F20-BD80A8B5FB97}.Debug|Any CPU.Build.0 = Debug|Any CPU
		{42A80B42-18C9-450C-9F20-BD80A8B5FB97}.Release|Any CPU.ActiveCfg = Release|Any CPU
		{42A80B42-18C9-450C-9F20-BD80A8B5FB97}.Release|Any CPU.Build.0 = Release|Any CPU
		{1960D0D8-B4A6-4F20-B8B7-C5401BF73C84}.Debug|Any CPU.ActiveCfg = Debug|Any CPU
		{1960D0D8-B4A6-4F20-B8B7-C5401BF73C84}.Debug|Any CPU.Build.0 = Debug|Any CPU
		{1960D0D8-B4A6-4F20-B8B7-C5401BF73C84}.Release|Any CPU.ActiveCfg = Release|Any CPU
		{1960D0D8-B4A6-4F20-B8B7-C5401BF73C84}.Release|Any CPU.Build.0 = Release|Any CPU
		{865D4E54-683D-46BA-AE99-D14D038A0A5F}.Debug|Any CPU.ActiveCfg = Debug|Any CPU
		{865D4E54-683D-46BA-AE99-D14D038A0A5F}.Debug|Any CPU.Build.0 = Debug|Any CPU
		{865D4E54-683D-46BA-AE99-D14D038A0A5F}.Release|Any CPU.ActiveCfg = Release|Any CPU
		{865D4E54-683D-46BA-AE99-D14D038A0A5F}.Release|Any CPU.Build.0 = Release|Any CPU
		{43357428-94AD-4D09-9261-234BED7B7B9E}.Debug|Any CPU.ActiveCfg = Debug|Any CPU
		{43357428-94AD-4D09-9261-234BED7B7B9E}.Debug|Any CPU.Build.0 = Debug|Any CPU
		{43357428-94AD-4D09-9261-234BED7B7B9E}.Release|Any CPU.ActiveCfg = Release|Any CPU
		{43357428-94AD-4D09-9261-234BED7B7B9E}.Release|Any CPU.Build.0 = Release|Any CPU
		{0A58A997-BCE0-4CA5-B003-986E04353432}.Debug|Any CPU.ActiveCfg = Debug|Any CPU
		{0A58A997-BCE0-4CA5-B003-986E04353432}.Debug|Any CPU.Build.0 = Debug|Any CPU
		{0A58A997-BCE0-4CA5-B003-986E04353432}.Release|Any CPU.ActiveCfg = Release|Any CPU
		{0A58A997-BCE0-4CA5-B003-986E04353432}.Release|Any CPU.Build.0 = Release|Any CPU
	EndGlobalSection
	GlobalSection(SolutionProperties) = preSolution
		HideSolutionNode = FALSE
	EndGlobalSection
	GlobalSection(ExtensibilityGlobals) = postSolution
		SolutionGuid = {E28025B1-185E-435B-94CA-25AFEA721141}
	EndGlobalSection
	GlobalSection(NestedProjects) = preSolution
		{ECE28683-BC87-4A79-B109-1BC0990A7F17} = {89E643A6-6F9A-4DDE-A171-67C69C5860D8}
	EndGlobalSection
EndGlobal
