
Microsoft Visual Studio Solution File, Format Version 12.00
# Visual Studio Version 16
VisualStudioVersion = 25.0.1704.2
MinimumVisualStudioVersion = 10.0.40219.1
Project("{FAE04EC0-301F-11D3-BF4B-00C04F79EFBC}") = "FormulaEvaluator", "FormulaEvaluator\FormulaEvaluator.csproj", "{7B6FD33F-EB24-404C-8C1D-15D4B6AF06D5}"
EndProject
Project("{FAE04EC0-301F-11D3-BF4B-00C04F79EFBC}") = "FormulaEvaluatorTester", "FormulaEvaluatorTester\FormulaEvaluatorTester.csproj", "{75674EF0-4A62-460D-99D8-EBD18266C82D}"
EndProject
Project("{2150E333-8FDC-42A3-9474-1A3956D46DE8}") = "Solution Items", "Solution Items", "{89E643A6-6F9A-4DDE-A171-67C69C5860D8}"
	ProjectSection(SolutionItems) = preProject
		README.md = README.md
	EndProjectSection
EndProject
Project("{FAE04EC0-301F-11D3-BF4B-00C04F79EFBC}") = "DependencyGraph", "DependencyGraph\DependencyGraph.csproj", "{248A131E-544F-4F04-92F0-0FC8BBD94EC0}"
EndProject
Project("{FAE04EC0-301F-11D3-BF4B-00C04F79EFBC}") = "DependencyGraphTests", "DependencyGraphTests\DependencyGraphTests.csproj", "{918FEFB6-9C4B-48D5-852D-A95433F76D13}"
EndProject
Project("{FAE04EC0-301F-11D3-BF4B-00C04F79EFBC}") = "AssignmentOneGradingTests", "GradingTests\AssignmentOneGradingTests.csproj", "{626679F9-439B-46D6-AC80-195532CF36CB}"
EndProject
Project("{FAE04EC0-301F-11D3-BF4B-00C04F79EFBC}") = "Formula", "Formula\Formula.csproj", "{C7A1C804-5CA1-4913-BC04-E8E99E62E310}"
EndProject
Project("{FAE04EC0-301F-11D3-BF4B-00C04F79EFBC}") = "FormulaTests", "FormulaTests\FormulaTests.csproj", "{83658FCE-B6F8-4608-BD3C-E64BE0E4618D}"
EndProject
Project("{FAE04EC0-301F-11D3-BF4B-00C04F79EFBC}") = "AssignmentTwoGradingTests", "AssignmentTwoGradingTests\AssignmentTwoGradingTests.csproj", "{1D311808-6679-4FE1-8BE3-89EC37EA912A}"
EndProject
Global
	GlobalSection(SolutionConfigurationPlatforms) = preSolution
		Debug|Any CPU = Debug|Any CPU
		Release|Any CPU = Release|Any CPU
	EndGlobalSection
	GlobalSection(ProjectConfigurationPlatforms) = postSolution
		{7B6FD33F-EB24-404C-8C1D-15D4B6AF06D5}.Debug|Any CPU.ActiveCfg = Debug|Any CPU
		{7B6FD33F-EB24-404C-8C1D-15D4B6AF06D5}.Debug|Any CPU.Build.0 = Debug|Any CPU
		{7B6FD33F-EB24-404C-8C1D-15D4B6AF06D5}.Release|Any CPU.ActiveCfg = Release|Any CPU
		{7B6FD33F-EB24-404C-8C1D-15D4B6AF06D5}.Release|Any CPU.Build.0 = Release|Any CPU
		{75674EF0-4A62-460D-99D8-EBD18266C82D}.Debug|Any CPU.ActiveCfg = Debug|Any CPU
		{75674EF0-4A62-460D-99D8-EBD18266C82D}.Debug|Any CPU.Build.0 = Debug|Any CPU
		{75674EF0-4A62-460D-99D8-EBD18266C82D}.Release|Any CPU.ActiveCfg = Release|Any CPU
		{75674EF0-4A62-460D-99D8-EBD18266C82D}.Release|Any CPU.Build.0 = Release|Any CPU
		{248A131E-544F-4F04-92F0-0FC8BBD94EC0}.Debug|Any CPU.ActiveCfg = Debug|Any CPU
		{248A131E-544F-4F04-92F0-0FC8BBD94EC0}.Debug|Any CPU.Build.0 = Debug|Any CPU
		{248A131E-544F-4F04-92F0-0FC8BBD94EC0}.Release|Any CPU.ActiveCfg = Release|Any CPU
		{248A131E-544F-4F04-92F0-0FC8BBD94EC0}.Release|Any CPU.Build.0 = Release|Any CPU
		{918FEFB6-9C4B-48D5-852D-A95433F76D13}.Debug|Any CPU.ActiveCfg = Debug|Any CPU
		{918FEFB6-9C4B-48D5-852D-A95433F76D13}.Debug|Any CPU.Build.0 = Debug|Any CPU
		{918FEFB6-9C4B-48D5-852D-A95433F76D13}.Release|Any CPU.ActiveCfg = Release|Any CPU
		{918FEFB6-9C4B-48D5-852D-A95433F76D13}.Release|Any CPU.Build.0 = Release|Any CPU
		{626679F9-439B-46D6-AC80-195532CF36CB}.Debug|Any CPU.ActiveCfg = Debug|Any CPU
		{626679F9-439B-46D6-AC80-195532CF36CB}.Debug|Any CPU.Build.0 = Debug|Any CPU
		{626679F9-439B-46D6-AC80-195532CF36CB}.Release|Any CPU.ActiveCfg = Release|Any CPU
		{626679F9-439B-46D6-AC80-195532CF36CB}.Release|Any CPU.Build.0 = Release|Any CPU
		{C7A1C804-5CA1-4913-BC04-E8E99E62E310}.Debug|Any CPU.ActiveCfg = Debug|Any CPU
		{C7A1C804-5CA1-4913-BC04-E8E99E62E310}.Debug|Any CPU.Build.0 = Debug|Any CPU
		{C7A1C804-5CA1-4913-BC04-E8E99E62E310}.Release|Any CPU.ActiveCfg = Release|Any CPU
		{C7A1C804-5CA1-4913-BC04-E8E99E62E310}.Release|Any CPU.Build.0 = Release|Any CPU
		{83658FCE-B6F8-4608-BD3C-E64BE0E4618D}.Debug|Any CPU.ActiveCfg = Debug|Any CPU
		{83658FCE-B6F8-4608-BD3C-E64BE0E4618D}.Debug|Any CPU.Build.0 = Debug|Any CPU
		{83658FCE-B6F8-4608-BD3C-E64BE0E4618D}.Release|Any CPU.ActiveCfg = Release|Any CPU
		{83658FCE-B6F8-4608-BD3C-E64BE0E4618D}.Release|Any CPU.Build.0 = Release|Any CPU
		{1D311808-6679-4FE1-8BE3-89EC37EA912A}.Debug|Any CPU.ActiveCfg = Debug|Any CPU
		{1D311808-6679-4FE1-8BE3-89EC37EA912A}.Debug|Any CPU.Build.0 = Debug|Any CPU
		{1D311808-6679-4FE1-8BE3-89EC37EA912A}.Release|Any CPU.ActiveCfg = Release|Any CPU
		{1D311808-6679-4FE1-8BE3-89EC37EA912A}.Release|Any CPU.Build.0 = Release|Any CPU
	EndGlobalSection
	GlobalSection(SolutionProperties) = preSolution
		HideSolutionNode = FALSE
	EndGlobalSection
	GlobalSection(ExtensibilityGlobals) = postSolution
		SolutionGuid = {E28025B1-185E-435B-94CA-25AFEA721141}
	EndGlobalSection
EndGlobal
