
Microsoft Visual Studio Solution File, Format Version 12.00
# Visual Studio Version 16
VisualStudioVersion = 25.0.1704.2
MinimumVisualStudioVersion = 10.0.40219.1
Project("{FAE04EC0-301F-11D3-BF4B-00C04F79EFBC}") = "Spreadsheet", "Spreadsheet.csproj", "{FDDFBE92-D64E-46EE-826C-DFE7B311CDFA}"
EndProject
Global
	GlobalSection(SolutionConfigurationPlatforms) = preSolution
		Debug|Any CPU = Debug|Any CPU
		Release|Any CPU = Release|Any CPU
	EndGlobalSection
	GlobalSection(ProjectConfigurationPlatforms) = postSolution
		{FDDFBE92-D64E-46EE-826C-DFE7B311CDFA}.Debug|Any CPU.ActiveCfg = Debug|Any CPU
		{FDDFBE92-D64E-46EE-826C-DFE7B311CDFA}.Debug|Any CPU.Build.0 = Debug|Any CPU
		{FDDFBE92-D64E-46EE-826C-DFE7B311CDFA}.Release|Any CPU.ActiveCfg = Release|Any CPU
		{FDDFBE92-D64E-46EE-826C-DFE7B311CDFA}.Release|Any CPU.Build.0 = Release|Any CPU
	EndGlobalSection
	GlobalSection(SolutionProperties) = preSolution
		HideSolutionNode = FALSE
	EndGlobalSection
	GlobalSection(ExtensibilityGlobals) = postSolution
		SolutionGuid = {7671188D-3F81-4324-AC2F-6C0A2E4F931C}
	EndGlobalSection
EndGlobal
